
Microsoft Visual Studio Solution File, Format Version 12.00
# Visual Studio Version 17
VisualStudioVersion = 17.3.32929.385
MinimumVisualStudioVersion = 10.0.40219.1
Project("{FAE04EC0-301F-11D3-BF4B-00C04F79EFBC}") = "4.PDF Özellik Metotları", "4.PDF Özellik Metotları\4.PDF Özellik Metotları.csproj", "{C5D71C2D-A17D-41DD-8CEC-752D19D48678}"
EndProject
Global
	GlobalSection(SolutionConfigurationPlatforms) = preSolution
		Debug|Any CPU = Debug|Any CPU
		Release|Any CPU = Release|Any CPU
	EndGlobalSection
	GlobalSection(ProjectConfigurationPlatforms) = postSolution
		{C5D71C2D-A17D-41DD-8CEC-752D19D48678}.Debug|Any CPU.ActiveCfg = Debug|Any CPU
		{C5D71C2D-A17D-41DD-8CEC-752D19D48678}.Debug|Any CPU.Build.0 = Debug|Any CPU
		{C5D71C2D-A17D-41DD-8CEC-752D19D48678}.Release|Any CPU.ActiveCfg = Release|Any CPU
		{C5D71C2D-A17D-41DD-8CEC-752D19D48678}.Release|Any CPU.Build.0 = Release|Any CPU
	EndGlobalSection
	GlobalSection(SolutionProperties) = preSolution
		HideSolutionNode = FALSE
	EndGlobalSection
	GlobalSection(ExtensibilityGlobals) = postSolution
		SolutionGuid = {D1758C5C-960C-44B3-AA69-54D8F10DAE95}
	EndGlobalSection
EndGlobal
