
Microsoft Visual Studio Solution File, Format Version 12.00
# Visual Studio Version 17
VisualStudioVersion = 17.3.32929.385
MinimumVisualStudioVersion = 10.0.40219.1
Project("{FAE04EC0-301F-11D3-BF4B-00C04F79EFBC}") = "4.PDF Saklama,Paketleme,Kapsülleme", "4.PDF Saklama,Paketleme,Kapsülleme\4.PDF Saklama,Paketleme,Kapsülleme.csproj", "{377CF2DF-15F3-460F-8678-D72A4EC023C0}"
EndProject
Global
	GlobalSection(SolutionConfigurationPlatforms) = preSolution
		Debug|Any CPU = Debug|Any CPU
		Release|Any CPU = Release|Any CPU
	EndGlobalSection
	GlobalSection(ProjectConfigurationPlatforms) = postSolution
		{377CF2DF-15F3-460F-8678-D72A4EC023C0}.Debug|Any CPU.ActiveCfg = Debug|Any CPU
		{377CF2DF-15F3-460F-8678-D72A4EC023C0}.Debug|Any CPU.Build.0 = Debug|Any CPU
		{377CF2DF-15F3-460F-8678-D72A4EC023C0}.Release|Any CPU.ActiveCfg = Release|Any CPU
		{377CF2DF-15F3-460F-8678-D72A4EC023C0}.Release|Any CPU.Build.0 = Release|Any CPU
	EndGlobalSection
	GlobalSection(SolutionProperties) = preSolution
		HideSolutionNode = FALSE
	EndGlobalSection
	GlobalSection(ExtensibilityGlobals) = postSolution
		SolutionGuid = {57BEE1C2-34DC-428B-8247-5DDE5C247A7B}
	EndGlobalSection
EndGlobal
